DEPENDENCIES
  ellk
    path: .
    metadata: true
  ellktest
    path: test/cookbooks/ellktest
  runit (= 1.5.18)

GRAPH
  7-zip (1.0.2)
    windows (>= 1.2.2)
  ark (0.9.0)
    7-zip (>= 0.0.0)
    windows (>= 0.0.0)
  build-essential (2.2.3)
  chef_handler (1.2.0)
  ellk (0.3.2)
    ark (>= 0.0.0)
    runit (>= 0.0.0)
  ellktest (0.1.0)
    ellk (>= 0.0.0)
    runit (>= 0.0.0)
  runit (1.5.18)
    build-essential (>= 0.0.0)
    yum (~> 3.0)
    yum-epel (>= 0.0.0)
  windows (1.38.1)
    chef_handler (>= 0.0.0)
  yum (3.6.3)
  yum-epel (0.6.2)
    yum (~> 3.2)
